
Microsoft Visual Studio Solution File, Format Version 12.00
# Visual Studio Version 17
VisualStudioVersion = 17.8.34601.278
MinimumVisualStudioVersion = 10.0.40219.1
Project("{9A19103F-16F7-4668-BE54-9A1E7A4F7556}") = "AgendamentoDeTarefas", "AgendamentoDeTarefas\AgendamentoDeTarefas.csproj", "{A3366DC3-9360-4FCC-99EF-9F9E330EB2DC}"
EndProject
Global
	GlobalSection(SolutionConfigurationPlatforms) = preSolution
		Debug|Any CPU = Debug|Any CPU
		Release|Any CPU = Release|Any CPU
	EndGlobalSection
	GlobalSection(ProjectConfigurationPlatforms) = postSolution
		{A3366DC3-9360-4FCC-99EF-9F9E330EB2DC}.Debug|Any CPU.ActiveCfg = Debug|Any CPU
		{A3366DC3-9360-4FCC-99EF-9F9E330EB2DC}.Debug|Any CPU.Build.0 = Debug|Any CPU
		{A3366DC3-9360-4FCC-99EF-9F9E330EB2DC}.Release|Any CPU.ActiveCfg = Release|Any CPU
		{A3366DC3-9360-4FCC-99EF-9F9E330EB2DC}.Release|Any CPU.Build.0 = Release|Any CPU
	EndGlobalSection
	GlobalSection(SolutionProperties) = preSolution
		HideSolutionNode = FALSE
	EndGlobalSection
	GlobalSection(ExtensibilityGlobals) = postSolution
		SolutionGuid = {6C9633D2-5654-4B7F-802D-5234B2210F4B}
	EndGlobalSection
EndGlobal
